// !$*UTF8*$!
{
	archiveVersion = 1;
	classes = {
	};
	objectVersion = 46;
	objects = {

/* Begin PBXBuildFile section */
		37850D021496641A004AAA31 /* UIColor+Hex.m in Sources */ = {isa = PBXBuildFile; fileRef = 37850D011496641A004AAA31 /* UIColor+Hex.m */; };
		4528EA61145386F500814B3E /* NSAttributedString_DebugExtensions.m in Sources */ = {isa = PBXBuildFile; fileRef = 4528EA60145386F500814B3E /* NSAttributedString_DebugExtensions.m */; };
		4528EAB91454816F00814B3E /* CExampleCoreTextViewController.m in Sources */ = {isa = PBXBuildFile; fileRef = 4528EAB81454816F00814B3E /* CExampleCoreTextViewController.m */; };
		453427EA14C64D1D00E1D75E /* Lorem.txt in Resources */ = {isa = PBXBuildFile; fileRef = 453427E914C64D1D00E1D75E /* Lorem.txt */; };
		453E8B7E1453255000C8A559 /* MissingImage.png in Resources */ = {isa = PBXBuildFile; fileRef = 453E8B7D1453255000C8A559 /* MissingImage.png */; };
		453E8B85145334F500C8A559 /* CCoreTextRenderer.m in Sources */ = {isa = PBXBuildFile; fileRef = 453E8B84145334F500C8A559 /* CCoreTextRenderer.m */; };
		4548A9F2145B22D5001C5654 /* Thumb.png in Resources */ = {isa = PBXBuildFile; fileRef = 4548A9F1145B22D5001C5654 /* Thumb.png */; };
		4548A9F6145B2422001C5654 /* CResizerThumb.m in Sources */ = {isa = PBXBuildFile; fileRef = 4548A9F5145B2422001C5654 /* CResizerThumb.m */; };
		455C9FCE14548BDC0098B70F /* reply-badge.png in Resources */ = {isa = PBXBuildFile; fileRef = 455C9FCD14548BDC0098B70F /* reply-badge.png */; };
		455C9FD214548E8E0098B70F /* Craig.png in Resources */ = {isa = PBXBuildFile; fileRef = 455C9FD114548E8E0098B70F /* Craig.png */; };
		4571656314D1B7CB00FF71FA /* AtWork.gif in Resources */ = {isa = PBXBuildFile; fileRef = 4571656214D1B7CB00FF71FA /* AtWork.gif */; };
		4571656E14D1B97F00FF71FA /* ImageIO.framework in Frameworks */ = {isa = PBXBuildFile; fileRef = 4571656D14D1B97F00FF71FA /* ImageIO.framework */; };
		4571657014D1B9B600FF71FA /* puke.gif in Resources */ = {isa = PBXBuildFile; fileRef = 4571656F14D1B9B600FF71FA /* puke.gif */; };
		45789C5D145F1338004EA63E /* CCoreTextAttachment.m in Sources */ = {isa = PBXBuildFile; fileRef = 45789C5C145F1338004EA63E /* CCoreTextAttachment.m */; };
		4592051D145A68D000DECA27 /* QuartzCore.framework in Frameworks */ = {isa = PBXBuildFile; fileRef = 4592051C145A68D000DECA27 /* QuartzCore.framework */; };
		45920521145A6A9700DECA27 /* CTwitterStyleTweetTextLabel.m in Sources */ = {isa = PBXBuildFile; fileRef = 45920520145A6A9700DECA27 /* CTwitterStyleTweetTextLabel.m */; };
		4593F75914C7C0A300F78F92 /* CLinkingCoreTextLabel.m in Sources */ = {isa = PBXBuildFile; fileRef = 4593F75814C7C0A300F78F92 /* CLinkingCoreTextLabel.m */; };
		4593F76614C7D01D00F78F92 /* NSAttributedString_Extensions.m in Sources */ = {isa = PBXBuildFile; fileRef = 4593F76514C7D01D00F78F92 /* NSAttributedString_Extensions.m */; };
		45DEC480142BBEDB009FBCC6 /* CCoreTextLabel.m in Sources */ = {isa = PBXBuildFile; fileRef = 45DEC477142BBEDB009FBCC6 /* CCoreTextLabel.m */; };
		45DEC481142BBEDB009FBCC6 /* CMarkupValueTransformer.m in Sources */ = {isa = PBXBuildFile; fileRef = 45DEC479142BBEDB009FBCC6 /* CMarkupValueTransformer.m */; };
		45DEC482142BBEDB009FBCC6 /* CSimpleHTMLParser.m in Sources */ = {isa = PBXBuildFile; fileRef = 45DEC47B142BBEDB009FBCC6 /* CSimpleHTMLParser.m */; };
		45DEC483142BBEDB009FBCC6 /* NSScanner_HTMLExtensions.m in Sources */ = {isa = PBXBuildFile; fileRef = 45DEC47D142BBEDB009FBCC6 /* NSScanner_HTMLExtensions.m */; };
		45DEC484142BBEDB009FBCC6 /* UIFont_CoreTextExtensions.m in Sources */ = {isa = PBXBuildFile; fileRef = 45DEC47F142BBEDB009FBCC6 /* UIFont_CoreTextExtensions.m */; };
		45ED79B1145A33A400941149 /* CCoreTextLabel_HTMLExtensions.m in Sources */ = {isa = PBXBuildFile; fileRef = 45ED79B0145A33A400941149 /* CCoreTextLabel_HTMLExtensions.m */; };
		45FF283313CD6920006D9574 /* UIKit.framework in Frameworks */ = {isa = PBXBuildFile; fileRef = 45FF283213CD6920006D9574 /* UIKit.framework */; };
		45FF283513CD6920006D9574 /* Foundation.framework in Frameworks */ = {isa = PBXBuildFile; fileRef = 45FF283413CD6920006D9574 /* Foundation.framework */; };
		45FF283713CD6920006D9574 /* CoreGraphics.framework in Frameworks */ = {isa = PBXBuildFile; fileRef = 45FF283613CD6920006D9574 /* CoreGraphics.framework */; };
		45FF283D13CD6920006D9574 /* InfoPlist.strings in Resources */ = {isa = PBXBuildFile; fileRef = 45FF283B13CD6920006D9574 /* InfoPlist.strings */; };
		45FF283F13CD6920006D9574 /* main.m in Sources */ = {isa = PBXBuildFile; fileRef = 45FF283E13CD6920006D9574 /* main.m */; };
		45FF284313CD6920006D9574 /* CoreTextAppDelegate.m in Sources */ = {isa = PBXBuildFile; fileRef = 45FF284213CD6920006D9574 /* CoreTextAppDelegate.m */; };
		45FF284613CD6920006D9574 /* MainStoryboard.storyboard in Resources */ = {isa = PBXBuildFile; fileRef = 45FF284413CD6920006D9574 /* MainStoryboard.storyboard */; };
		45FF284913CD6920006D9574 /* CFreeformCoreTextViewController.m in Sources */ = {isa = PBXBuildFile; fileRef = 45FF284813CD6920006D9574 /* CFreeformCoreTextViewController.m */; };
		45FF286D13CD695E006D9574 /* CoreText.framework in Frameworks */ = {isa = PBXBuildFile; fileRef = 45FF286C13CD695E006D9574 /* CoreText.framework */; };
/* End PBXBuildFile section */

/* Begin PBXFileReference section */
		37850CFF1496640E004AAA31 /* UIColor+Hex.h */ = {isa = PBXFileReference; fileEncoding = 4; lastKnownFileType = sourcecode.c.h; path = "UIColor+Hex.h"; sourceTree = "<group>"; };
		37850D011496641A004AAA31 /* UIColor+Hex.m */ = {isa = PBXFileReference; fileEncoding = 4; lastKnownFileType = sourcecode.c.objc; path = "UIColor+Hex.m"; sourceTree = "<group>"; };
		4528EA5F145386F500814B3E /* NSAttributedString_DebugExtensions.h */ = {isa = PBXFileReference; fileEncoding = 4; lastKnownFileType = sourcecode.c.h; path = NSAttributedString_DebugExtensions.h; sourceTree = "<group>"; };
		4528EA60145386F500814B3E /* NSAttributedString_DebugExtensions.m */ = {isa = PBXFileReference; fileEncoding = 4; lastKnownFileType = sourcecode.c.objc; path = NSAttributedString_DebugExtensions.m; sourceTree = "<group>"; };
		4528EAB71454816F00814B3E /* CExampleCoreTextViewController.h */ = {isa = PBXFileReference; fileEncoding = 4; lastKnownFileType = sourcecode.c.h; path = CExampleCoreTextViewController.h; sourceTree = "<group>"; };
		4528EAB81454816F00814B3E /* CExampleCoreTextViewController.m */ = {isa = PBXFileReference; fileEncoding = 4; lastKnownFileType = sourcecode.c.objc; path = CExampleCoreTextViewController.m; sourceTree = "<group>"; };
		453427E914C64D1D00E1D75E /* Lorem.txt */ = {isa = PBXFileReference; fileEncoding = 4; lastKnownFileType = text; path = Lorem.txt; sourceTree = "<group>"; };
		453E8B7D1453255000C8A559 /* MissingImage.png */ = {isa = PBXFileReference; lastKnownFileType = image.png; path = MissingImage.png; sourceTree = "<group>"; };
		453E8B83145334F500C8A559 /* CCoreTextRenderer.h */ = {isa = PBXFileReference; fileEncoding = 4; lastKnownFileType = sourcecode.c.h; path = CCoreTextRenderer.h; sourceTree = "<group>"; };
		453E8B84145334F500C8A559 /* CCoreTextRenderer.m */ = {isa = PBXFileReference; fileEncoding = 4; lastKnownFileType = sourcecode.c.objc; path = CCoreTextRenderer.m; sourceTree = "<group>"; };
		4548A9F1145B22D5001C5654 /* Thumb.png */ = {isa = PBXFileReference; lastKnownFileType = image.png; path = Thumb.png; sourceTree = "<group>"; };
		4548A9F4145B2422001C5654 /* CResizerThumb.h */ = {isa = PBXFileReference; fileEncoding = 4; lastKnownFileType = sourcecode.c.h; path = CResizerThumb.h; sourceTree = "<group>"; };
		4548A9F5145B2422001C5654 /* CResizerThumb.m */ = {isa = PBXFileReference; fileEncoding = 4; lastKnownFileType = sourcecode.c.objc; path = CResizerThumb.m; sourceTree = "<group>"; };
		455C9FCD14548BDC0098B70F /* reply-badge.png */ = {isa = PBXFileReference; lastKnownFileType = image.png; path = "reply-badge.png"; sourceTree = "<group>"; };
		455C9FD114548E8E0098B70F /* Craig.png */ = {isa = PBXFileReference; lastKnownFileType = image.png; path = Craig.png; sourceTree = "<group>"; };
		4571656214D1B7CB00FF71FA /* AtWork.gif */ = {isa = PBXFileReference; lastKnownFileType = image.gif; path = AtWork.gif; sourceTree = "<group>"; };
		4571656D14D1B97F00FF71FA /* ImageIO.framework */ = {isa = PBXFileReference; lastKnownFileType = wrapper.framework; name = ImageIO.framework; path = System/Library/Frameworks/ImageIO.framework; sourceTree = SDKROOT; };
		4571656F14D1B9B600FF71FA /* puke.gif */ = {isa = PBXFileReference; lastKnownFileType = image.gif; path = puke.gif; sourceTree = "<group>"; };
		45789C5B145F1338004EA63E /* CCoreTextAttachment.h */ = {isa = PBXFileReference; fileEncoding = 4; lastKnownFileType = sourcecode.c.h; path = CCoreTextAttachment.h; sourceTree = "<group>"; };
		45789C5C145F1338004EA63E /* CCoreTextAttachment.m */ = {isa = PBXFileReference; fileEncoding = 4; lastKnownFileType = sourcecode.c.objc; path = CCoreTextAttachment.m; sourceTree = "<group>"; };
		4592051C145A68D000DECA27 /* QuartzCore.framework */ = {isa = PBXFileReference; lastKnownFileType = wrapper.framework; name = QuartzCore.framework; path = System/Library/Frameworks/QuartzCore.framework; sourceTree = SDKROOT; };
		4592051F145A6A9700DECA27 /* CTwitterStyleTweetTextLabel.h */ = {isa = PBXFileReference; fileEncoding = 4; lastKnownFileType = sourcecode.c.h; path = CTwitterStyleTweetTextLabel.h; sourceTree = "<group>"; };
		45920520145A6A9700DECA27 /* CTwitterStyleTweetTextLabel.m */ = {isa = PBXFileReference; fileEncoding = 4; lastKnownFileType = sourcecode.c.objc; path = CTwitterStyleTweetTextLabel.m; sourceTree = "<group>"; };
		4593F75714C7C0A300F78F92 /* CLinkingCoreTextLabel.h */ = {isa = PBXFileReference; fileEncoding = 4; lastKnownFileType = sourcecode.c.h; path = CLinkingCoreTextLabel.h; sourceTree = "<group>"; };
		4593F75814C7C0A300F78F92 /* CLinkingCoreTextLabel.m */ = {isa = PBXFileReference; fileEncoding = 4; lastKnownFileType = sourcecode.c.objc; path = CLinkingCoreTextLabel.m; sourceTree = "<group>"; };
		4593F76414C7D01D00F78F92 /* NSAttributedString_Extensions.h */ = {isa = PBXFileReference; fileEncoding = 4; lastKnownFileType = sourcecode.c.h; path = NSAttributedString_Extensions.h; sourceTree = "<group>"; };
		4593F76514C7D01D00F78F92 /* NSAttributedString_Extensions.m */ = {isa = PBXFileReference; fileEncoding = 4; lastKnownFileType = sourcecode.c.objc; path = NSAttributedString_Extensions.m; sourceTree = "<group>"; };
		45DEC476142BBEDB009FBCC6 /* CCoreTextLabel.h */ = {isa = PBXFileReference; fileEncoding = 4; lastKnownFileType = sourcecode.c.h; path = CCoreTextLabel.h; sourceTree = "<group>"; };
		45DEC477142BBEDB009FBCC6 /* CCoreTextLabel.m */ = {isa = PBXFileReference; fileEncoding = 4; lastKnownFileType = sourcecode.c.objc; path = CCoreTextLabel.m; sourceTree = "<group>"; };
		45DEC478142BBEDB009FBCC6 /* CMarkupValueTransformer.h */ = {isa = PBXFileReference; fileEncoding = 4; lastKnownFileType = sourcecode.c.h; path = CMarkupValueTransformer.h; sourceTree = "<group>"; };
		45DEC479142BBEDB009FBCC6 /* CMarkupValueTransformer.m */ = {isa = PBXFileReference; fileEncoding = 4; lastKnownFileType = sourcecode.c.objc; path = CMarkupValueTransformer.m; sourceTree = "<group>"; };
		45DEC47A142BBEDB009FBCC6 /* CSimpleHTMLParser.h */ = {isa = PBXFileReference; fileEncoding = 4; lastKnownFileType = sourcecode.c.h; path = CSimpleHTMLParser.h; sourceTree = "<group>"; };
		45DEC47B142BBEDB009FBCC6 /* CSimpleHTMLParser.m */ = {isa = PBXFileReference; fileEncoding = 4; lastKnownFileType = sourcecode.c.objc; path = CSimpleHTMLParser.m; sourceTree = "<group>"; };
		45DEC47C142BBEDB009FBCC6 /* NSScanner_HTMLExtensions.h */ = {isa = PBXFileReference; fileEncoding = 4; lastKnownFileType = sourcecode.c.h; path = NSScanner_HTMLExtensions.h; sourceTree = "<group>"; };
		45DEC47D142BBEDB009FBCC6 /* NSScanner_HTMLExtensions.m */ = {isa = PBXFileReference; fileEncoding = 4; lastKnownFileType = sourcecode.c.objc; path = NSScanner_HTMLExtensions.m; sourceTree = "<group>"; };
		45DEC47E142BBEDB009FBCC6 /* UIFont_CoreTextExtensions.h */ = {isa = PBXFileReference; fileEncoding = 4; lastKnownFileType = sourcecode.c.h; path = UIFont_CoreTextExtensions.h; sourceTree = "<group>"; };
		45DEC47F142BBEDB009FBCC6 /* UIFont_CoreTextExtensions.m */ = {isa = PBXFileReference; fileEncoding = 4; lastKnownFileType = sourcecode.c.objc; path = UIFont_CoreTextExtensions.m; sourceTree = "<group>"; };
		45ED79AF145A33A400941149 /* CCoreTextLabel_HTMLExtensions.h */ = {isa = PBXFileReference; fileEncoding = 4; lastKnownFileType = sourcecode.c.h; path = CCoreTextLabel_HTMLExtensions.h; sourceTree = "<group>"; };
		45ED79B0145A33A400941149 /* CCoreTextLabel_HTMLExtensions.m */ = {isa = PBXFileReference; fileEncoding = 4; lastKnownFileType = sourcecode.c.objc; path = CCoreTextLabel_HTMLExtensions.m; sourceTree = "<group>"; };
		45FF282E13CD6920006D9574 /* CoreText.app */ = {isa = PBXFileReference; explicitFileType = wrapper.application; includeInIndex = 0; path = CoreText.app; sourceTree = BUILT_PRODUCTS_DIR; };
		45FF283213CD6920006D9574 /* UIKit.framework */ = {isa = PBXFileReference; lastKnownFileType = wrapper.framework; name = UIKit.framework; path = System/Library/Frameworks/UIKit.framework; sourceTree = SDKROOT; };
		45FF283413CD6920006D9574 /* Foundation.framework */ = {isa = PBXFileReference; lastKnownFileType = wrapper.framework; name = Foundation.framework; path = System/Library/Frameworks/Foundation.framework; sourceTree = SDKROOT; };
		45FF283613CD6920006D9574 /* CoreGraphics.framework */ = {isa = PBXFileReference; lastKnownFileType = wrapper.framework; name = CoreGraphics.framework; path = System/Library/Frameworks/CoreGraphics.framework; sourceTree = SDKROOT; };
		45FF283A13CD6920006D9574 /* Info.plist */ = {isa = PBXFileReference; lastKnownFileType = text.plist.xml; path = Info.plist; sourceTree = "<group>"; };
		45FF283C13CD6920006D9574 /* en */ = {isa = PBXFileReference; lastKnownFileType = text.plist.strings; name = en; path = en.lproj/InfoPlist.strings; sourceTree = "<group>"; };
		45FF283E13CD6920006D9574 /* main.m */ = {isa = PBXFileReference; lastKnownFileType = sourcecode.c.objc; path = main.m; sourceTree = "<group>"; };
		45FF284013CD6920006D9574 /* CoreText-Prefix.pch */ = {isa = PBXFileReference; lastKnownFileType = sourcecode.c.h; path = "CoreText-Prefix.pch"; sourceTree = "<group>"; };
		45FF284113CD6920006D9574 /* CoreTextAppDelegate.h */ = {isa = PBXFileReference; lastKnownFileType = sourcecode.c.h; path = CoreTextAppDelegate.h; sourceTree = "<group>"; };
		45FF284213CD6920006D9574 /* CoreTextAppDelegate.m */ = {isa = PBXFileReference; lastKnownFileType = sourcecode.c.objc; path = CoreTextAppDelegate.m; sourceTree = "<group>"; };
		45FF284513CD6920006D9574 /* en */ = {isa = PBXFileReference; lastKnownFileType = file.storyboard; name = en; path = en.lproj/MainStoryboard.storyboard; sourceTree = "<group>"; };
		45FF284713CD6920006D9574 /* CFreeformCoreTextViewController.h */ = {isa = PBXFileReference; lastKnownFileType = sourcecode.c.h; path = CFreeformCoreTextViewController.h; sourceTree = "<group>"; };
		45FF284813CD6920006D9574 /* CFreeformCoreTextViewController.m */ = {isa = PBXFileReference; lastKnownFileType = sourcecode.c.objc; path = CFreeformCoreTextViewController.m; sourceTree = "<group>"; };
		45FF285013CD6920006D9574 /* SenTestingKit.framework */ = {isa = PBXFileReference; lastKnownFileType = wrapper.framework; name = SenTestingKit.framework; path = Library/Frameworks/SenTestingKit.framework; sourceTree = DEVELOPER_DIR; };
		45FF285913CD6920006D9574 /* CoreTextTests-Info.plist */ = {isa = PBXFileReference; lastKnownFileType = text.plist.xml; path = "CoreTextTests-Info.plist"; sourceTree = "<group>"; };
		45FF285B13CD6920006D9574 /* en */ = {isa = PBXFileReference; lastKnownFileType = text.plist.strings; name = en; path = en.lproj/InfoPlist.strings; sourceTree = "<group>"; };
		45FF285D13CD6920006D9574 /* CoreTextTests.h */ = {isa = PBXFileReference; lastKnownFileType = sourcecode.c.h; path = CoreTextTests.h; sourceTree = "<group>"; };
		45FF285F13CD6920006D9574 /* CoreTextTests.m */ = {isa = PBXFileReference; lastKnownFileType = sourcecode.c.objc; path = CoreTextTests.m; sourceTree = "<group>"; };
		45FF286C13CD695E006D9574 /* CoreText.framework */ = {isa = PBXFileReference; lastKnownFileType = wrapper.framework; name = CoreText.framework; path = System/Library/Frameworks/CoreText.framework; sourceTree = SDKROOT; };
/* End PBXFileReference section */

/* Begin PBXFrameworksBuildPhase section */
		45FF282B13CD6920006D9574 /* Frameworks */ = {
			isa = PBXFrameworksBuildPhase;
			buildActionMask = 2147483647;
			files = (
				4571656E14D1B97F00FF71FA /* ImageIO.framework in Frameworks */,
				4592051D145A68D000DECA27 /* QuartzCore.framework in Frameworks */,
				45FF286D13CD695E006D9574 /* CoreText.framework in Frameworks */,
				45FF283313CD6920006D9574 /* UIKit.framework in Frameworks */,
				45FF283513CD6920006D9574 /* Foundation.framework in Frameworks */,
				45FF283713CD6920006D9574 /* CoreGraphics.framework in Frameworks */,
			);
			runOnlyForDeploymentPostprocessing = 0;
		};
/* End PBXFrameworksBuildPhase section */

/* Begin PBXGroup section */
		4593F75A14C7CE9200F78F92 /* Markup */ = {
			isa = PBXGroup;
			children = (
				45DEC478142BBEDB009FBCC6 /* CMarkupValueTransformer.h */,
				45DEC479142BBEDB009FBCC6 /* CMarkupValueTransformer.m */,
				45DEC47A142BBEDB009FBCC6 /* CSimpleHTMLParser.h */,
				45DEC47B142BBEDB009FBCC6 /* CSimpleHTMLParser.m */,
				45DEC47C142BBEDB009FBCC6 /* NSScanner_HTMLExtensions.h */,
				45DEC47D142BBEDB009FBCC6 /* NSScanner_HTMLExtensions.m */,
				45ED79AF145A33A400941149 /* CCoreTextLabel_HTMLExtensions.h */,
				45ED79B0145A33A400941149 /* CCoreTextLabel_HTMLExtensions.m */,
			);
			name = Markup;
			sourceTree = "<group>";
		};
		4593F75B14C7CEA900F78F92 /* Utility */ = {
			isa = PBXGroup;
			children = (
				45DEC47E142BBEDB009FBCC6 /* UIFont_CoreTextExtensions.h */,
				45DEC47F142BBEDB009FBCC6 /* UIFont_CoreTextExtensions.m */,
				453E8B83145334F500C8A559 /* CCoreTextRenderer.h */,
				453E8B84145334F500C8A559 /* CCoreTextRenderer.m */,
				45789C5B145F1338004EA63E /* CCoreTextAttachment.h */,
				45789C5C145F1338004EA63E /* CCoreTextAttachment.m */,
				37850CFF1496640E004AAA31 /* UIColor+Hex.h */,
				37850D011496641A004AAA31 /* UIColor+Hex.m */,
				4593F76414C7D01D00F78F92 /* NSAttributedString_Extensions.h */,
				4593F76514C7D01D00F78F92 /* NSAttributedString_Extensions.m */,
			);
			name = Utility;
			sourceTree = "<group>";
		};
		45DEC475142BBEDB009FBCC6 /* Source */ = {
			isa = PBXGroup;
			children = (
				45DEC476142BBEDB009FBCC6 /* CCoreTextLabel.h */,
				45DEC477142BBEDB009FBCC6 /* CCoreTextLabel.m */,
				4593F75714C7C0A300F78F92 /* CLinkingCoreTextLabel.h */,
				4593F75814C7C0A300F78F92 /* CLinkingCoreTextLabel.m */,
				4593F75A14C7CE9200F78F92 /* Markup */,
				4593F75B14C7CEA900F78F92 /* Utility */,
				453E8B7D1453255000C8A559 /* MissingImage.png */,
			);
			name = Source;
			path = ../Source;
			sourceTree = "<group>";
		};
		45FF282313CD6920006D9574 = {
			isa = PBXGroup;
			children = (
				45DEC475142BBEDB009FBCC6 /* Source */,
				45FF283813CD6920006D9574 /* Test */,
				45FF285713CD6920006D9574 /* CoreTextTests */,
				45FF283113CD6920006D9574 /* Frameworks */,
				45FF282F13CD6920006D9574 /* Products */,
			);
			sourceTree = "<group>";
		};
		45FF282F13CD6920006D9574 /* Products */ = {
			isa = PBXGroup;
			children = (
				45FF282E13CD6920006D9574 /* CoreText.app */,
			);
			name = Products;
			sourceTree = "<group>";
		};
		45FF283113CD6920006D9574 /* Frameworks */ = {
			isa = PBXGroup;
			children = (
				4571656D14D1B97F00FF71FA /* ImageIO.framework */,
				4592051C145A68D000DECA27 /* QuartzCore.framework */,
				45FF286C13CD695E006D9574 /* CoreText.framework */,
				45FF283213CD6920006D9574 /* UIKit.framework */,
				45FF283413CD6920006D9574 /* Foundation.framework */,
				45FF283613CD6920006D9574 /* CoreGraphics.framework */,
				45FF285013CD6920006D9574 /* SenTestingKit.framework */,
			);
			name = Frameworks;
			sourceTree = "<group>";
		};
		45FF283813CD6920006D9574 /* Test */ = {
			isa = PBXGroup;
			children = (
				45FF284413CD6920006D9574 /* MainStoryboard.storyboard */,
				45FF284113CD6920006D9574 /* CoreTextAppDelegate.h */,
				45FF284213CD6920006D9574 /* CoreTextAppDelegate.m */,
				45FF284713CD6920006D9574 /* CFreeformCoreTextViewController.h */,
				45FF284813CD6920006D9574 /* CFreeformCoreTextViewController.m */,
				4528EAB71454816F00814B3E /* CExampleCoreTextViewController.h */,
				4528EAB81454816F00814B3E /* CExampleCoreTextViewController.m */,
				4528EA5F145386F500814B3E /* NSAttributedString_DebugExtensions.h */,
				4528EA60145386F500814B3E /* NSAttributedString_DebugExtensions.m */,
				4592051F145A6A9700DECA27 /* CTwitterStyleTweetTextLabel.h */,
				45920520145A6A9700DECA27 /* CTwitterStyleTweetTextLabel.m */,
				4548A9F4145B2422001C5654 /* CResizerThumb.h */,
				4548A9F5145B2422001C5654 /* CResizerThumb.m */,
				453427E914C64D1D00E1D75E /* Lorem.txt */,
				455C9FCD14548BDC0098B70F /* reply-badge.png */,
				4571656214D1B7CB00FF71FA /* AtWork.gif */,
				4571656F14D1B9B600FF71FA /* puke.gif */,
				455C9FD114548E8E0098B70F /* Craig.png */,
				4548A9F1145B22D5001C5654 /* Thumb.png */,
				45FF283913CD6920006D9574 /* Supporting Files */,
			);
			name = Test;
			path = CoreText;
			sourceTree = "<group>";
		};
		45FF283913CD6920006D9574 /* Supporting Files */ = {
			isa = PBXGroup;
			children = (
				45FF283A13CD6920006D9574 /* Info.plist */,
				45FF283B13CD6920006D9574 /* InfoPlist.strings */,
				45FF283E13CD6920006D9574 /* main.m */,
				45FF284013CD6920006D9574 /* CoreText-Prefix.pch */,
			);
			name = "Supporting Files";
			sourceTree = "<group>";
		};
		45FF285713CD6920006D9574 /* CoreTextTests */ = {
			isa = PBXGroup;
			children = (
				45FF285D13CD6920006D9574 /* CoreTextTests.h */,
				45FF285F13CD6920006D9574 /* CoreTextTests.m */,
				45FF285813CD6920006D9574 /* Supporting Files */,
			);
			path = CoreTextTests;
			sourceTree = "<group>";
		};
		45FF285813CD6920006D9574 /* Supporting Files */ = {
			isa = PBXGroup;
			children = (
				45FF285913CD6920006D9574 /* CoreTextTests-Info.plist */,
				45FF285A13CD6920006D9574 /* InfoPlist.strings */,
			);
			name = "Supporting Files";
			sourceTree = "<group>";
		};
/* End PBXGroup section */

/* Begin PBXNativeTarget section */
		45FF282D13CD6920006D9574 /* CoreText */ = {
			isa = PBXNativeTarget;
			buildConfigurationList = 45FF286313CD6920006D9574 /* Build configuration list for PBXNativeTarget "CoreText" */;
			buildPhases = (
				45FF282A13CD6920006D9574 /* Sources */,
				45FF282B13CD6920006D9574 /* Frameworks */,
				45FF282C13CD6920006D9574 /* Resources */,
			);
			buildRules = (
			);
			dependencies = (
			);
			name = CoreText;
			productName = CoreText;
			productReference = 45FF282E13CD6920006D9574 /* CoreText.app */;
			productType = "com.apple.product-type.application";
		};
/* End PBXNativeTarget section */

/* Begin PBXProject section */
		45FF282513CD6920006D9574 /* Project object */ = {
			isa = PBXProject;
			attributes = {
				LastUpgradeCheck = 0420;
				ORGANIZATIONNAME = toxicsoftware.com;
			};
			buildConfigurationList = 45FF282813CD6920006D9574 /* Build configuration list for PBXProject "CoreText" */;
			compatibilityVersion = "Xcode 3.2";
			developmentRegion = English;
			hasScannedForEncodings = 0;
			knownRegions = (
				en,
			);
			mainGroup = 45FF282313CD6920006D9574;
			productRefGroup = 45FF282F13CD6920006D9574 /* Products */;
			projectDirPath = "";
			projectRoot = "";
			targets = (
				45FF282D13CD6920006D9574 /* CoreText */,
			);
		};
/* End PBXProject section */

/* Begin PBXResourcesBuildPhase section */
		45FF282C13CD6920006D9574 /* Resources */ = {
			isa = PBXResourcesBuildPhase;
			buildActionMask = 2147483647;
			files = (
				45FF283D13CD6920006D9574 /* InfoPlist.strings in Resources */,
				45FF284613CD6920006D9574 /* MainStoryboard.storyboard in Resources */,
				453E8B7E1453255000C8A559 /* MissingImage.png in Resources */,
				455C9FCE14548BDC0098B70F /* reply-badge.png in Resources */,
				455C9FD214548E8E0098B70F /* Craig.png in Resources */,
				4548A9F2145B22D5001C5654 /* Thumb.png in Resources */,
				453427EA14C64D1D00E1D75E /* Lorem.txt in Resources */,
				4571656314D1B7CB00FF71FA /* AtWork.gif in Resources */,
				4571657014D1B9B600FF71FA /* puke.gif in Resources */,
			);
			runOnlyForDeploymentPostprocessing = 0;
		};
/* End PBXResourcesBuildPhase section */

/* Begin PBXSourcesBuildPhase section */
		45FF282A13CD6920006D9574 /* Sources */ = {
			isa = PBXSourcesBuildPhase;
			buildActionMask = 2147483647;
			files = (
				45FF283F13CD6920006D9574 /* main.m in Sources */,
				45FF284313CD6920006D9574 /* CoreTextAppDelegate.m in Sources */,
				45FF284913CD6920006D9574 /* CFreeformCoreTextViewController.m in Sources */,
				45DEC480142BBEDB009FBCC6 /* CCoreTextLabel.m in Sources */,
				45DEC481142BBEDB009FBCC6 /* CMarkupValueTransformer.m in Sources */,
				45DEC482142BBEDB009FBCC6 /* CSimpleHTMLParser.m in Sources */,
				45DEC483142BBEDB009FBCC6 /* NSScanner_HTMLExtensions.m in Sources */,
				45DEC484142BBEDB009FBCC6 /* UIFont_CoreTextExtensions.m in Sources */,
				453E8B85145334F500C8A559 /* CCoreTextRenderer.m in Sources */,
				4528EA61145386F500814B3E /* NSAttributedString_DebugExtensions.m in Sources */,
				4528EAB91454816F00814B3E /* CExampleCoreTextViewController.m in Sources */,
				45ED79B1145A33A400941149 /* CCoreTextLabel_HTMLExtensions.m in Sources */,
				45920521145A6A9700DECA27 /* CTwitterStyleTweetTextLabel.m in Sources */,
				4548A9F6145B2422001C5654 /* CResizerThumb.m in Sources */,
				45789C5D145F1338004EA63E /* CCoreTextAttachment.m in Sources */,
				37850D021496641A004AAA31 /* UIColor+Hex.m in Sources */,
				4593F75914C7C0A300F78F92 /* CLinkingCoreTextLabel.m in Sources */,
				4593F76614C7D01D00F78F92 /* NSAttributedString_Extensions.m in Sources */,
			);
			runOnlyForDeploymentPostprocessing = 0;
		};
/* End PBXSourcesBuildPhase section */

/* Begin PBXVariantGroup section */
		45FF283B13CD6920006D9574 /* InfoPlist.strings */ = {
			isa = PBXVariantGroup;
			children = (
				45FF283C13CD6920006D9574 /* en */,
			);
			name = InfoPlist.strings;
			sourceTree = "<group>";
		};
		45FF284413CD6920006D9574 /* MainStoryboard.storyboard */ = {
			isa = PBXVariantGroup;
			children = (
				45FF284513CD6920006D9574 /* en */,
			);
			name = MainStoryboard.storyboard;
			sourceTree = "<group>";
		};
		45FF285A13CD6920006D9574 /* InfoPlist.strings */ = {
			isa = PBXVariantGroup;
			children = (
				45FF285B13CD6920006D9574 /* en */,
			);
			name = InfoPlist.strings;
			sourceTree = "<group>";
		};
/* End PBXVariantGroup section */

/* Begin XCBuildConfiguration section */
		45FF286113CD6920006D9574 /* Debug */ = {
			isa = XCBuildConfiguration;
			buildSettings = {
				ALWAYS_SEARCH_USER_PATHS = NO;
				ARCHS = "$(ARCHS_STANDARD_32_BIT)";
				CLANG_ENABLE_OBJC_ARC = YES;
				"CODE_SIGN_IDENTITY[sdk=iphoneos*]" = "iPhone Developer";
				COPY_PHASE_STRIP = NO;
				GCC_C_LANGUAGE_STANDARD = gnu99;
				GCC_DYNAMIC_NO_PIC = NO;
				GCC_OPTIMIZATION_LEVEL = 0;
				GCC_PREPROCESSOR_DEFINITIONS = (
					"DEBUG=1",
					"$(inherited)",
				);
				GCC_SYMBOLS_PRIVATE_EXTERN = NO;
				GCC_VERSION = com.apple.compilers.llvm.clang.1_0;
				GCC_WARN_ABOUT_MISSING_PROTOTYPES = YES;
				GCC_WARN_ABOUT_RETURN_TYPE = YES;
				GCC_WARN_UNUSED_VARIABLE = YES;
				IPHONEOS_DEPLOYMENT_TARGET = 5.0;
				SDKROOT = iphoneos;
				TARGETED_DEVICE_FAMILY = 2;
			};
			name = Debug;
		};
		45FF286213CD6920006D9574 /* Release */ = {
			isa = XCBuildConfiguration;
			buildSettings = {
				ALWAYS_SEARCH_USER_PATHS = NO;
				ARCHS = "$(ARCHS_STANDARD_32_BIT)";
				CLANG_ENABLE_OBJC_ARC = YES;
				"CODE_SIGN_IDENTITY[sdk=iphoneos*]" = "iPhone Developer";
				COPY_PHASE_STRIP = YES;
				GCC_C_LANGUAGE_STANDARD = gnu99;
				GCC_VERSION = com.apple.compilers.llvm.clang.1_0;
				GCC_WARN_ABOUT_MISSING_PROTOTYPES = YES;
				GCC_WARN_ABOUT_RETURN_TYPE = YES;
				GCC_WARN_UNUSED_VARIABLE = YES;
				IPHONEOS_DEPLOYMENT_TARGET = 5.0;
				OTHER_CFLAGS = "-DNS_BLOCK_ASSERTIONS=1";
				SDKROOT = iphoneos;
				TARGETED_DEVICE_FAMILY = 2;
				VALIDATE_PRODUCT = YES;
			};
			name = Release;
		};
		45FF286413CD6920006D9574 /* Debug */ = {
			isa = XCBuildConfiguration;
			buildSettings = {
				GCC_PRECOMPILE_PREFIX_HEADER = YES;
				GCC_PREFIX_HEADER = "CoreText/CoreText-Prefix.pch";
				INFOPLIST_FILE = CoreText/Info.plist;
				PRODUCT_NAME = "$(TARGET_NAME)";
				RUN_CLANG_STATIC_ANALYZER = YES;
				WRAPPER_EXTENSION = app;
			};
			name = Debug;
		};
		45FF286513CD6920006D9574 /* Release */ = {
			isa = XCBuildConfiguration;
			buildSettings = {
				GCC_PRECOMPILE_PREFIX_HEADER = YES;
				GCC_PREFIX_HEADER = "CoreText/CoreText-Prefix.pch";
				INFOPLIST_FILE = CoreText/Info.plist;
				PRODUCT_NAME = "$(TARGET_NAME)";
				RUN_CLANG_STATIC_ANALYZER = YES;
				WRAPPER_EXTENSION = app;
			};
			name = Release;
		};
/* End XCBuildConfiguration section */

/* Begin XCConfigurationList section */
		45FF282813CD6920006D9574 /* Build configuration list for PBXProject "CoreText" */ = {
			isa = XCConfigurationList;
			buildConfigurations = (
				45FF286113CD6920006D9574 /* Debug */,
				45FF286213CD6920006D9574 /* Release */,
			);
			defaultConfigurationIsVisible = 0;
			defaultConfigurationName = Release;
		};
		45FF286313CD6920006D9574 /* Build configuration list for PBXNativeTarget "CoreText" */ = {
			isa = XCConfigurationList;
			buildConfigurations = (
				45FF286413CD6920006D9574 /* Debug */,
				45FF286513CD6920006D9574 /* Release */,
			);
			defaultConfigurationIsVisible = 0;
			defaultConfigurationName = Release;
		};
/* End XCConfigurationList section */
	};
	rootObject = 45FF282513CD6920006D9574 /* Project object */;
}
